
Microsoft Visual Studio Solution File, Format Version 12.00
# Visual Studio Version 17
VisualStudioVersion = 17.2.32526.322
MinimumVisualStudioVersion = 10.0.40219.1
Project("{FAE04EC0-301F-11D3-BF4B-00C04F79EFBC}") = "Configuration.Vault.Hashicorp", "Configuration.Vault.Hashicorp\Configuration.Vault.Hashicorp.csproj", "{EEBBB1D2-EB65-49CC-9924-92D56266A779}"
EndProject
Project("{FAE04EC0-301F-11D3-BF4B-00C04F79EFBC}") = "Sample.Api", "Sample.Api\Sample.Api.csproj", "{A8F65214-080D-4A88-9EEA-92D8E7AAAB8D}"
EndProject
Global
	GlobalSection(SolutionConfigurationPlatforms) = preSolution
		Debug|Any CPU = Debug|Any CPU
		Release|Any CPU = Release|Any CPU
	EndGlobalSection
	GlobalSection(ProjectConfigurationPlatforms) = postSolution
		{EEBBB1D2-EB65-49CC-9924-92D56266A779}.Debug|Any CPU.ActiveCfg = Debug|Any CPU
		{EEBBB1D2-EB65-49CC-9924-92D56266A779}.Debug|Any CPU.Build.0 = Debug|Any CPU
		{EEBBB1D2-EB65-49CC-9924-92D56266A779}.Release|Any CPU.ActiveCfg = Release|Any CPU
		{EEBBB1D2-EB65-49CC-9924-92D56266A779}.Release|Any CPU.Build.0 = Release|Any CPU
		{A8F65214-080D-4A88-9EEA-92D8E7AAAB8D}.Debug|Any CPU.ActiveCfg = Debug|Any CPU
		{A8F65214-080D-4A88-9EEA-92D8E7AAAB8D}.Debug|Any CPU.Build.0 = Debug|Any CPU
		{A8F65214-080D-4A88-9EEA-92D8E7AAAB8D}.Release|Any CPU.ActiveCfg = Release|Any CPU
		{A8F65214-080D-4A88-9EEA-92D8E7AAAB8D}.Release|Any CPU.Build.0 = Release|Any CPU
	EndGlobalSection
	GlobalSection(SolutionProperties) = preSolution
		HideSolutionNode = FALSE
	EndGlobalSection
	GlobalSection(ExtensibilityGlobals) = postSolution
		SolutionGuid = {D7E7D469-E56E-4FED-AC58-BC9EBF3D7234}
	EndGlobalSection
EndGlobal
